
Microsoft Visual Studio Solution File, Format Version 11.00
# Visual Studio 2010
Project("{FAE04EC0-301F-11D3-BF4B-00C04F79EFBC}") = "vwarDAL", "VwarDal\vwarDAL.csproj", "{1EA95C73-74E6-4CF0-B817-D38E39061BDB}"
EndProject
Project("{FAE04EC0-301F-11D3-BF4B-00C04F79EFBC}") = "Simple.Providers.MySQL", "SimpleMySqlProvider\Simple.Providers.MySQL.csproj", "{F54D9C1C-DAAC-40CD-B130-14AA3D7C1A82}"
EndProject
Project("{FAE04EC0-301F-11D3-BF4B-00C04F79EFBC}") = "3d.service.host", "3d.service.host\3d.service.host.csproj", "{69B6A9DF-58DA-45AD-A0FC-66E93207AF21}"
EndProject
Project("{FAE04EC0-301F-11D3-BF4B-00C04F79EFBC}") = "3d.service.implementation", "3d.service.implementation\3d.service.implementation.csproj", "{FB012B51-6A3E-4B72-9250-E7C739F6D6B2}"
EndProject
Project("{FAE04EC0-301F-11D3-BF4B-00C04F79EFBC}") = "FederatedAPI.host", "FederatedAPI\FederatedAPI.host.csproj", "{D0A1018D-6EAB-4149-8BB3-F37D2659D220}"
EndProject
Project("{FAE04EC0-301F-11D3-BF4B-00C04F79EFBC}") = "FederatedAPI.implementation", "FederatedAPI.implementation\FederatedAPI.implementation.csproj", "{57E9A779-3C22-452B-8507-49C8576535F3}"
EndProject
Project("{FAE04EC0-301F-11D3-BF4B-00C04F79EFBC}") = "vwar.uploader", "vwar.uploader\vwar.uploader.csproj", "{AEBB4C61-DC89-4A6F-ADFF-BF41F4025221}"
EndProject
Project("{E24C65DC-7377-472B-9ABA-BC803B73C61A}") = "VwarWeb", "VwarWeb\", "{E5BB1821-58DF-424A-9DA2-B78818E448AC}"
	ProjectSection(WebsiteProperties) = preProject
		TargetFrameworkMoniker = ".NETFramework,Version%3Dv4.0"
		ProjectReferences = "{F54D9C1C-DAAC-40CD-B130-14AA3D7C1A82}|Simple.Providers.MySQL.dll;{1EA95C73-74E6-4CF0-B817-D38E39061BDB}|vwarDAL.dll;{69B6A9DF-58DA-45AD-A0FC-66E93207AF21}|3d.service.host.dll;{FB012B51-6A3E-4B72-9250-E7C739F6D6B2}|3d.service.implementation.dll;"
		Debug.AspNetCompiler.VirtualPath = "/VwarWeb"
		Debug.AspNetCompiler.PhysicalPath = "VwarWeb\"
		Debug.AspNetCompiler.TargetPath = "PrecompiledWeb\VwarWeb\"
		Debug.AspNetCompiler.Updateable = "true"
		Debug.AspNetCompiler.ForceOverwrite = "true"
		Debug.AspNetCompiler.FixedNames = "false"
		Debug.AspNetCompiler.Debug = "True"
		Release.AspNetCompiler.VirtualPath = "/VwarWeb"
		Release.AspNetCompiler.PhysicalPath = "VwarWeb\"
		Release.AspNetCompiler.TargetPath = "PrecompiledWeb\VwarWeb\"
		Release.AspNetCompiler.Updateable = "true"
		Release.AspNetCompiler.ForceOverwrite = "true"
		Release.AspNetCompiler.FixedNames = "false"
		Release.AspNetCompiler.Debug = "False"
		VWDPort = "4537"
		VWDVirtualPath = "/"
	EndProjectSection
	ProjectSection(ProjectDependencies) = postProject
		{FB012B51-6A3E-4B72-9250-E7C739F6D6B2} = {FB012B51-6A3E-4B72-9250-E7C739F6D6B2}
		{F7A95775-C28F-457A-B27C-7A64C8DC9602} = {F7A95775-C28F-457A-B27C-7A64C8DC9602}
		{69B6A9DF-58DA-45AD-A0FC-66E93207AF21} = {69B6A9DF-58DA-45AD-A0FC-66E93207AF21}
	EndProjectSection
EndProject
Project("{FAE04EC0-301F-11D3-BF4B-00C04F79EFBC}") = "OrbitOne.OpenId.MembershipProvider", "OrbitOne.OpenId.MembershipProvider\OrbitOne.OpenId.MembershipProvider.csproj", "{F7A95775-C28F-457A-B27C-7A64C8DC9602}"
EndProject
Global
	GlobalSection(SolutionConfigurationPlatforms) = preSolution
		Debug|.NET = Debug|.NET
		Debug|Any CPU = Debug|Any CPU
		Debug|Mixed Platforms = Debug|Mixed Platforms
		Debug|x86 = Debug|x86
		Release|.NET = Release|.NET
		Release|Any CPU = Release|Any CPU
		Release|Mixed Platforms = Release|Mixed Platforms
		Release|x86 = Release|x86
	EndGlobalSection
	GlobalSection(ProjectConfigurationPlatforms) = postSolution
		{1EA95C73-74E6-4CF0-B817-D38E39061BDB}.Debug|.NET.ActiveCfg = Debug|Any CPU
		{1EA95C73-74E6-4CF0-B817-D38E39061BDB}.Debug|Any CPU.ActiveCfg = Debug|Any CPU
		{1EA95C73-74E6-4CF0-B817-D38E39061BDB}.Debug|Any CPU.Build.0 = Debug|Any CPU
		{1EA95C73-74E6-4CF0-B817-D38E39061BDB}.Debug|Mixed Platforms.ActiveCfg = Debug|Any CPU
		{1EA95C73-74E6-4CF0-B817-D38E39061BDB}.Debug|Mixed Platforms.Build.0 = Debug|Any CPU
		{1EA95C73-74E6-4CF0-B817-D38E39061BDB}.Debug|x86.ActiveCfg = Debug|Any CPU
		{1EA95C73-74E6-4CF0-B817-D38E39061BDB}.Release|.NET.ActiveCfg = Release|Any CPU
		{1EA95C73-74E6-4CF0-B817-D38E39061BDB}.Release|Any CPU.ActiveCfg = Release|Any CPU
		{1EA95C73-74E6-4CF0-B817-D38E39061BDB}.Release|Any CPU.Build.0 = Release|Any CPU
		{1EA95C73-74E6-4CF0-B817-D38E39061BDB}.Release|Mixed Platforms.ActiveCfg = Release|Any CPU
		{1EA95C73-74E6-4CF0-B817-D38E39061BDB}.Release|Mixed Platforms.Build.0 = Release|Any CPU
		{1EA95C73-74E6-4CF0-B817-D38E39061BDB}.Release|x86.ActiveCfg = Release|Any CPU
		{F54D9C1C-DAAC-40CD-B130-14AA3D7C1A82}.Debug|.NET.ActiveCfg = Debug|Any CPU
		{F54D9C1C-DAAC-40CD-B130-14AA3D7C1A82}.Debug|Any CPU.ActiveCfg = Debug|Any CPU
		{F54D9C1C-DAAC-40CD-B130-14AA3D7C1A82}.Debug|Any CPU.Build.0 = Debug|Any CPU
		{F54D9C1C-DAAC-40CD-B130-14AA3D7C1A82}.Debug|Mixed Platforms.ActiveCfg = Debug|Any CPU
		{F54D9C1C-DAAC-40CD-B130-14AA3D7C1A82}.Debug|Mixed Platforms.Build.0 = Debug|Any CPU
		{F54D9C1C-DAAC-40CD-B130-14AA3D7C1A82}.Debug|x86.ActiveCfg = Debug|Any CPU
		{F54D9C1C-DAAC-40CD-B130-14AA3D7C1A82}.Release|.NET.ActiveCfg = Release|Any CPU
		{F54D9C1C-DAAC-40CD-B130-14AA3D7C1A82}.Release|Any CPU.ActiveCfg = Release|Any CPU
		{F54D9C1C-DAAC-40CD-B130-14AA3D7C1A82}.Release|Any CPU.Build.0 = Release|Any CPU
		{F54D9C1C-DAAC-40CD-B130-14AA3D7C1A82}.Release|Mixed Platforms.ActiveCfg = Release|Any CPU
		{F54D9C1C-DAAC-40CD-B130-14AA3D7C1A82}.Release|Mixed Platforms.Build.0 = Release|Any CPU
		{F54D9C1C-DAAC-40CD-B130-14AA3D7C1A82}.Release|x86.ActiveCfg = Release|Any CPU
		{69B6A9DF-58DA-45AD-A0FC-66E93207AF21}.Debug|.NET.ActiveCfg = Debug|Any CPU
		{69B6A9DF-58DA-45AD-A0FC-66E93207AF21}.Debug|Any CPU.ActiveCfg = Debug|Any CPU
		{69B6A9DF-58DA-45AD-A0FC-66E93207AF21}.Debug|Any CPU.Build.0 = Debug|Any CPU
		{69B6A9DF-58DA-45AD-A0FC-66E93207AF21}.Debug|Mixed Platforms.ActiveCfg = Debug|Any CPU
		{69B6A9DF-58DA-45AD-A0FC-66E93207AF21}.Debug|Mixed Platforms.Build.0 = Debug|Any CPU
		{69B6A9DF-58DA-45AD-A0FC-66E93207AF21}.Debug|x86.ActiveCfg = Debug|Any CPU
		{69B6A9DF-58DA-45AD-A0FC-66E93207AF21}.Release|.NET.ActiveCfg = Release|Any CPU
		{69B6A9DF-58DA-45AD-A0FC-66E93207AF21}.Release|Any CPU.ActiveCfg = Release|Any CPU
		{69B6A9DF-58DA-45AD-A0FC-66E93207AF21}.Release|Any CPU.Build.0 = Release|Any CPU
		{69B6A9DF-58DA-45AD-A0FC-66E93207AF21}.Release|Mixed Platforms.ActiveCfg = Release|Any CPU
		{69B6A9DF-58DA-45AD-A0FC-66E93207AF21}.Release|Mixed Platforms.Build.0 = Release|Any CPU
		{69B6A9DF-58DA-45AD-A0FC-66E93207AF21}.Release|x86.ActiveCfg = Release|Any CPU
		{FB012B51-6A3E-4B72-9250-E7C739F6D6B2}.Debug|.NET.ActiveCfg = Debug|Any CPU
		{FB012B51-6A3E-4B72-9250-E7C739F6D6B2}.Debug|Any CPU.ActiveCfg = Debug|Any CPU
		{FB012B51-6A3E-4B72-9250-E7C739F6D6B2}.Debug|Any CPU.Build.0 = Debug|Any CPU
		{FB012B51-6A3E-4B72-9250-E7C739F6D6B2}.Debug|Mixed Platforms.ActiveCfg = Debug|Any CPU
		{FB012B51-6A3E-4B72-9250-E7C739F6D6B2}.Debug|Mixed Platforms.Build.0 = Debug|Any CPU
		{FB012B51-6A3E-4B72-9250-E7C739F6D6B2}.Debug|x86.ActiveCfg = Debug|Any CPU
		{FB012B51-6A3E-4B72-9250-E7C739F6D6B2}.Release|.NET.ActiveCfg = Release|Any CPU
		{FB012B51-6A3E-4B72-9250-E7C739F6D6B2}.Release|Any CPU.ActiveCfg = Release|Any CPU
		{FB012B51-6A3E-4B72-9250-E7C739F6D6B2}.Release|Any CPU.Build.0 = Release|Any CPU
		{FB012B51-6A3E-4B72-9250-E7C739F6D6B2}.Release|Mixed Platforms.ActiveCfg = Release|Any CPU
		{FB012B51-6A3E-4B72-9250-E7C739F6D6B2}.Release|Mixed Platforms.Build.0 = Release|Any CPU
		{FB012B51-6A3E-4B72-9250-E7C739F6D6B2}.Release|x86.ActiveCfg = Release|Any CPU
		{D0A1018D-6EAB-4149-8BB3-F37D2659D220}.Debug|.NET.ActiveCfg = Debug|Any CPU
		{D0A1018D-6EAB-4149-8BB3-F37D2659D220}.Debug|Any CPU.ActiveCfg = Debug|Any CPU
		{D0A1018D-6EAB-4149-8BB3-F37D2659D220}.Debug|Any CPU.Build.0 = Debug|Any CPU
		{D0A1018D-6EAB-4149-8BB3-F37D2659D220}.Debug|Mixed Platforms.ActiveCfg = Debug|Any CPU
		{D0A1018D-6EAB-4149-8BB3-F37D2659D220}.Debug|x86.ActiveCfg = Debug|Any CPU
		{D0A1018D-6EAB-4149-8BB3-F37D2659D220}.Release|.NET.ActiveCfg = Release|Any CPU
		{D0A1018D-6EAB-4149-8BB3-F37D2659D220}.Release|Any CPU.ActiveCfg = Release|Any CPU
		{D0A1018D-6EAB-4149-8BB3-F37D2659D220}.Release|Any CPU.Build.0 = Release|Any CPU
		{D0A1018D-6EAB-4149-8BB3-F37D2659D220}.Release|Mixed Platforms.ActiveCfg = Release|Any CPU
		{D0A1018D-6EAB-4149-8BB3-F37D2659D220}.Release|Mixed Platforms.Build.0 = Release|Any CPU
		{D0A1018D-6EAB-4149-8BB3-F37D2659D220}.Release|x86.ActiveCfg = Release|Any CPU
		{57E9A779-3C22-452B-8507-49C8576535F3}.Debug|.NET.ActiveCfg = Debug|Any CPU
		{57E9A779-3C22-452B-8507-49C8576535F3}.Debug|Any CPU.ActiveCfg = Debug|Any CPU
		{57E9A779-3C22-452B-8507-49C8576535F3}.Debug|Any CPU.Build.0 = Debug|Any CPU
		{57E9A779-3C22-452B-8507-49C8576535F3}.Debug|Mixed Platforms.ActiveCfg = Debug|Any CPU
		{57E9A779-3C22-452B-8507-49C8576535F3}.Debug|x86.ActiveCfg = Debug|Any CPU
		{57E9A779-3C22-452B-8507-49C8576535F3}.Release|.NET.ActiveCfg = Release|Any CPU
		{57E9A779-3C22-452B-8507-49C8576535F3}.Release|Any CPU.ActiveCfg = Release|Any CPU
		{57E9A779-3C22-452B-8507-49C8576535F3}.Release|Any CPU.Build.0 = Release|Any CPU
		{57E9A779-3C22-452B-8507-49C8576535F3}.Release|Mixed Platforms.ActiveCfg = Release|Any CPU
		{57E9A779-3C22-452B-8507-49C8576535F3}.Release|Mixed Platforms.Build.0 = Release|Any CPU
		{57E9A779-3C22-452B-8507-49C8576535F3}.Release|x86.ActiveCfg = Release|Any CPU
		{AEBB4C61-DC89-4A6F-ADFF-BF41F4025221}.Debug|.NET.ActiveCfg = Debug|x86
		{AEBB4C61-DC89-4A6F-ADFF-BF41F4025221}.Debug|Any CPU.ActiveCfg = Debug|x86
		{AEBB4C61-DC89-4A6F-ADFF-BF41F4025221}.Debug|Mixed Platforms.ActiveCfg = Debug|x86
		{AEBB4C61-DC89-4A6F-ADFF-BF41F4025221}.Debug|Mixed Platforms.Build.0 = Debug|x86
		{AEBB4C61-DC89-4A6F-ADFF-BF41F4025221}.Debug|x86.ActiveCfg = Debug|x86
		{AEBB4C61-DC89-4A6F-ADFF-BF41F4025221}.Debug|x86.Build.0 = Debug|x86
		{AEBB4C61-DC89-4A6F-ADFF-BF41F4025221}.Release|.NET.ActiveCfg = Release|x86
		{AEBB4C61-DC89-4A6F-ADFF-BF41F4025221}.Release|Any CPU.ActiveCfg = Release|x86
		{AEBB4C61-DC89-4A6F-ADFF-BF41F4025221}.Release|Mixed Platforms.ActiveCfg = Release|x86
		{AEBB4C61-DC89-4A6F-ADFF-BF41F4025221}.Release|Mixed Platforms.Build.0 = Release|x86
		{AEBB4C61-DC89-4A6F-ADFF-BF41F4025221}.Release|x86.ActiveCfg = Release|x86
		{AEBB4C61-DC89-4A6F-ADFF-BF41F4025221}.Release|x86.Build.0 = Release|x86
		{E5BB1821-58DF-424A-9DA2-B78818E448AC}.Debug|.NET.ActiveCfg = Debug|Any CPU
		{E5BB1821-58DF-424A-9DA2-B78818E448AC}.Debug|Any CPU.ActiveCfg = Debug|Any CPU
		{E5BB1821-58DF-424A-9DA2-B78818E448AC}.Debug|Any CPU.Build.0 = Debug|Any CPU
		{E5BB1821-58DF-424A-9DA2-B78818E448AC}.Debug|Mixed Platforms.ActiveCfg = Debug|Any CPU
		{E5BB1821-58DF-424A-9DA2-B78818E448AC}.Debug|Mixed Platforms.Build.0 = Debug|Any CPU
		{E5BB1821-58DF-424A-9DA2-B78818E448AC}.Debug|x86.ActiveCfg = Debug|Any CPU
		{E5BB1821-58DF-424A-9DA2-B78818E448AC}.Release|.NET.ActiveCfg = Debug|Any CPU
		{E5BB1821-58DF-424A-9DA2-B78818E448AC}.Release|Any CPU.ActiveCfg = Debug|Any CPU
		{E5BB1821-58DF-424A-9DA2-B78818E448AC}.Release|Any CPU.Build.0 = Debug|Any CPU
		{E5BB1821-58DF-424A-9DA2-B78818E448AC}.Release|Mixed Platforms.ActiveCfg = Debug|Any CPU
		{E5BB1821-58DF-424A-9DA2-B78818E448AC}.Release|Mixed Platforms.Build.0 = Debug|Any CPU
		{E5BB1821-58DF-424A-9DA2-B78818E448AC}.Release|x86.ActiveCfg = Debug|Any CPU
		{F7A95775-C28F-457A-B27C-7A64C8DC9602}.Debug|.NET.ActiveCfg = Debug|Any CPU
		{F7A95775-C28F-457A-B27C-7A64C8DC9602}.Debug|Any CPU.ActiveCfg = Debug|Any CPU
		{F7A95775-C28F-457A-B27C-7A64C8DC9602}.Debug|Any CPU.Build.0 = Debug|Any CPU
		{F7A95775-C28F-457A-B27C-7A64C8DC9602}.Debug|Mixed Platforms.ActiveCfg = Debug|Any CPU
		{F7A95775-C28F-457A-B27C-7A64C8DC9602}.Debug|Mixed Platforms.Build.0 = Debug|Any CPU
		{F7A95775-C28F-457A-B27C-7A64C8DC9602}.Debug|x86.ActiveCfg = Debug|Any CPU
		{F7A95775-C28F-457A-B27C-7A64C8DC9602}.Release|.NET.ActiveCfg = Release|Any CPU
		{F7A95775-C28F-457A-B27C-7A64C8DC9602}.Release|Any CPU.ActiveCfg = Release|Any CPU
		{F7A95775-C28F-457A-B27C-7A64C8DC9602}.Release|Any CPU.Build.0 = Release|Any CPU
		{F7A95775-C28F-457A-B27C-7A64C8DC9602}.Release|Mixed Platforms.ActiveCfg = Release|Any CPU
		{F7A95775-C28F-457A-B27C-7A64C8DC9602}.Release|Mixed Platforms.Build.0 = Release|Any CPU
		{F7A95775-C28F-457A-B27C-7A64C8DC9602}.Release|x86.ActiveCfg = Release|Any CPU
	EndGlobalSection
	GlobalSection(SolutionProperties) = preSolution
		HideSolutionNode = FALSE
	EndGlobalSection
EndGlobal
