
Microsoft Visual Studio Solution File, Format Version 11.00
# Visual Web Developer Express 2010
Project("{FAE04EC0-301F-11D3-BF4B-00C04F79EFBC}") = "ConverterWrapper", "ConverterWrapper.csproj", "{AD0F894D-5043-4BDD-AF24-A91568F177CF}"
EndProject
Global
	GlobalSection(SolutionConfigurationPlatforms) = preSolution
		Debug|Any CPU = Debug|Any CPU
		Release|Any CPU = Release|Any CPU
	EndGlobalSection
	GlobalSection(ProjectConfigurationPlatforms) = postSolution
		{AD0F894D-5043-4BDD-AF24-A91568F177CF}.Debug|Any CPU.ActiveCfg = Debug|Any CPU
		{AD0F894D-5043-4BDD-AF24-A91568F177CF}.Debug|Any CPU.Build.0 = Debug|Any CPU
		{AD0F894D-5043-4BDD-AF24-A91568F177CF}.Release|Any CPU.ActiveCfg = Release|Any CPU
		{AD0F894D-5043-4BDD-AF24-A91568F177CF}.Release|Any CPU.Build.0 = Release|Any CPU
	EndGlobalSection
	GlobalSection(SolutionProperties) = preSolution
		HideSolutionNode = FALSE
	EndGlobalSection
EndGlobal
