
Microsoft Visual Studio Solution File, Format Version 11.00
# Visual C# Express 2010
Project("{FAE04EC0-301F-11D3-BF4B-00C04F79EFBC}") = "3DR_Testing", "3DR_Testing\3DR_Testing.csproj", "{BA8F399F-03EF-48E1-9935-A488AB1F10A0}"
EndProject
Project("{FAE04EC0-301F-11D3-BF4B-00C04F79EFBC}") = "LaunchTest", "LaunchTest\LaunchTest.csproj", "{AAE1E4BC-78E3-4723-AEB2-9ED9DBCF591A}"
EndProject
Project("{FAE04EC0-301F-11D3-BF4B-00C04F79EFBC}") = "vwarDAL", "..\VwarDal\vwarDAL.csproj", "{1EA95C73-74E6-4CF0-B817-D38E39061BDB}"
EndProject
Global
	GlobalSection(SolutionConfigurationPlatforms) = preSolution
		Debug|Any CPU = Debug|Any CPU
		Release|Any CPU = Release|Any CPU
	EndGlobalSection
	GlobalSection(ProjectConfigurationPlatforms) = postSolution
		{BA8F399F-03EF-48E1-9935-A488AB1F10A0}.Debug|Any CPU.ActiveCfg = Debug|Any CPU
		{BA8F399F-03EF-48E1-9935-A488AB1F10A0}.Debug|Any CPU.Build.0 = Debug|Any CPU
		{BA8F399F-03EF-48E1-9935-A488AB1F10A0}.Release|Any CPU.ActiveCfg = Release|Any CPU
		{BA8F399F-03EF-48E1-9935-A488AB1F10A0}.Release|Any CPU.Build.0 = Release|Any CPU
		{AAE1E4BC-78E3-4723-AEB2-9ED9DBCF591A}.Debug|Any CPU.ActiveCfg = Debug|Any CPU
		{AAE1E4BC-78E3-4723-AEB2-9ED9DBCF591A}.Debug|Any CPU.Build.0 = Debug|Any CPU
		{AAE1E4BC-78E3-4723-AEB2-9ED9DBCF591A}.Release|Any CPU.ActiveCfg = Release|Any CPU
		{AAE1E4BC-78E3-4723-AEB2-9ED9DBCF591A}.Release|Any CPU.Build.0 = Release|Any CPU
		{1EA95C73-74E6-4CF0-B817-D38E39061BDB}.Debug|Any CPU.ActiveCfg = Debug|Any CPU
		{1EA95C73-74E6-4CF0-B817-D38E39061BDB}.Debug|Any CPU.Build.0 = Debug|Any CPU
		{1EA95C73-74E6-4CF0-B817-D38E39061BDB}.Release|Any CPU.ActiveCfg = Release|Any CPU
		{1EA95C73-74E6-4CF0-B817-D38E39061BDB}.Release|Any CPU.Build.0 = Release|Any CPU
	EndGlobalSection
	GlobalSection(SolutionProperties) = preSolution
		HideSolutionNode = FALSE
	EndGlobalSection
EndGlobal
